// !$*UTF8*$!
{
	archiveVersion = 1;
	classes = {
	};
	objectVersion = 50;
	objects = {

/* Begin PBXBuildFile section */
		1D6CB3F823B0621C002543DA /* AppDelegate.swift in Sources */ = {isa = PBXBuildFile; fileRef = 1D6CB3F723B0621C002543DA /* AppDelegate.swift */; };
		1D6CB3FA23B0621C002543DA /* SceneDelegate.swift in Sources */ = {isa = PBXBuildFile; fileRef = 1D6CB3F923B0621C002543DA /* SceneDelegate.swift */; };
		1D6CB3FC23B0621C002543DA /* ViewController.swift in Sources */ = {isa = PBXBuildFile; fileRef = 1D6CB3FB23B0621C002543DA /* ViewController.swift */; };
		1D6CB3FF23B0621C002543DA /* Main.storyboard in Resources */ = {isa = PBXBuildFile; fileRef = 1D6CB3FD23B0621C002543DA /* Main.storyboard */; };
		1D6CB40123B0621E002543DA /* Assets.xcassets in Resources */ = {isa = PBXBuildFile; fileRef = 1D6CB40023B0621E002543DA /* Assets.xcassets */; };
		1D6CB40423B0621E002543DA /* LaunchScreen.storyboard in Resources */ = {isa = PBXBuildFile; fileRef = 1D6CB40223B0621E002543DA /* LaunchScreen.storyboard */; };
		1D6CB40C23B06260002543DA /* PlayingCardDeck.swift in Sources */ = {isa = PBXBuildFile; fileRef = 1D6CB40B23B06260002543DA /* PlayingCardDeck.swift */; };
		1D6CB40E23B06624002543DA /* PlayingCard.swift in Sources */ = {isa = PBXBuildFile; fileRef = 1D6CB40D23B06624002543DA /* PlayingCard.swift */; };
		1D71BE8C240F8CA4003D33F6 /* CardBehavior.swift in Sources */ = {isa = PBXBuildFile; fileRef = 1D71BE8B240F8CA4003D33F6 /* CardBehavior.swift */; };
		1D9C82C624067D5A00939A54 /* PlayingCardView.swift in Sources */ = {isa = PBXBuildFile; fileRef = 1D9C82C524067D5A00939A54 /* PlayingCardView.swift */; };
/* End PBXBuildFile section */

/* Begin PBXFileReference section */
		1D6CB3F423B0621C002543DA /* PlayingCard.app */ = {isa = PBXFileReference; explicitFileType = wrapper.application; includeInIndex = 0; path = PlayingCard.app; sourceTree = BUILT_PRODUCTS_DIR; };
		1D6CB3F723B0621C002543DA /* AppDelegate.swift */ = {isa = PBXFileReference; lastKnownFileType = sourcecode.swift; path = AppDelegate.swift; sourceTree = "<group>"; };
		1D6CB3F923B0621C002543DA /* SceneDelegate.swift */ = {isa = PBXFileReference; lastKnownFileType = sourcecode.swift; path = SceneDelegate.swift; sourceTree = "<group>"; };
		1D6CB3FB23B0621C002543DA /* ViewController.swift */ = {isa = PBXFileReference; lastKnownFileType = sourcecode.swift; path = ViewController.swift; sourceTree = "<group>"; };
		1D6CB3FE23B0621C002543DA /* Base */ = {isa = PBXFileReference; lastKnownFileType = file.storyboard; name = Base; path = Base.lproj/Main.storyboard; sourceTree = "<group>"; };
		1D6CB40023B0621E002543DA /* Assets.xcassets */ = {isa = PBXFileReference; lastKnownFileType = folder.assetcatalog; path = Assets.xcassets; sourceTree = "<group>"; };
		1D6CB40323B0621E002543DA /* Base */ = {isa = PBXFileReference; lastKnownFileType = file.storyboard; name = Base; path = Base.lproj/LaunchScreen.storyboard; sourceTree = "<group>"; };
		1D6CB40523B0621E002543DA /* Info.plist */ = {isa = PBXFileReference; lastKnownFileType = text.plist.xml; path = Info.plist; sourceTree = "<group>"; };
		1D6CB40B23B06260002543DA /* PlayingCardDeck.swift */ = {isa = PBXFileReference; lastKnownFileType = sourcecode.swift; path = PlayingCardDeck.swift; sourceTree = "<group>"; };
		1D6CB40D23B06624002543DA /* PlayingCard.swift */ = {isa = PBXFileReference; lastKnownFileType = sourcecode.swift; path = PlayingCard.swift; sourceTree = "<group>"; };
		1D71BE8B240F8CA4003D33F6 /* CardBehavior.swift */ = {isa = PBXFileReference; lastKnownFileType = sourcecode.swift; path = CardBehavior.swift; sourceTree = "<group>"; };
		1D9C82C524067D5A00939A54 /* PlayingCardView.swift */ = {isa = PBXFileReference; lastKnownFileType = sourcecode.swift; path = PlayingCardView.swift; sourceTree = "<group>"; };
/* End PBXFileReference section */

/* Begin PBXFrameworksBuildPhase section */
		1D6CB3F123B0621C002543DA /* Frameworks */ = {
			isa = PBXFrameworksBuildPhase;
			buildActionMask = 2147483647;
			files = (
			);
			runOnlyForDeploymentPostprocessing = 0;
		};
/* End PBXFrameworksBuildPhase section */

/* Begin PBXGroup section */
		1D6CB3EB23B0621C002543DA = {
			isa = PBXGroup;
			children = (
				1D6CB3F623B0621C002543DA /* PlayingCard */,
				1D6CB3F523B0621C002543DA /* Products */,
			);
			sourceTree = "<group>";
		};
		1D6CB3F523B0621C002543DA /* Products */ = {
			isa = PBXGroup;
			children = (
				1D6CB3F423B0621C002543DA /* PlayingCard.app */,
			);
			name = Products;
			sourceTree = "<group>";
		};
		1D6CB3F623B0621C002543DA /* PlayingCard */ = {
			isa = PBXGroup;
			children = (
				1D9C82C42404F5A900939A54 /* Supporting Files */,
				1D6CB3FB23B0621C002543DA /* ViewController.swift */,
				1D6CB40B23B06260002543DA /* PlayingCardDeck.swift */,
				1D6CB40D23B06624002543DA /* PlayingCard.swift */,
				1D6CB3FD23B0621C002543DA /* Main.storyboard */,
				1D6CB40023B0621E002543DA /* Assets.xcassets */,
				1D6CB40523B0621E002543DA /* Info.plist */,
				1D9C82C524067D5A00939A54 /* PlayingCardView.swift */,
				1D71BE8B240F8CA4003D33F6 /* CardBehavior.swift */,
			);
			path = PlayingCard;
			sourceTree = "<group>";
		};
		1D9C82C42404F5A900939A54 /* Supporting Files */ = {
			isa = PBXGroup;
			children = (
				1D6CB40223B0621E002543DA /* LaunchScreen.storyboard */,
				1D6CB3F923B0621C002543DA /* SceneDelegate.swift */,
				1D6CB3F723B0621C002543DA /* AppDelegate.swift */,
			);
			path = "Supporting Files";
			sourceTree = "<group>";
		};
/* End PBXGroup section */

/* Begin PBXNativeTarget section */
		1D6CB3F323B0621C002543DA /* PlayingCard */ = {
			isa = PBXNativeTarget;
			buildConfigurationList = 1D6CB40823B0621E002543DA /* Build configuration list for PBXNativeTarget "PlayingCard" */;
			buildPhases = (
				1D6CB3F023B0621C002543DA /* Sources */,
				1D6CB3F123B0621C002543DA /* Frameworks */,
				1D6CB3F223B0621C002543DA /* Resources */,
			);
			buildRules = (
			);
			dependencies = (
			);
			name = PlayingCard;
			productName = PlayingCard;
			productReference = 1D6CB3F423B0621C002543DA /* PlayingCard.app */;
			productType = "com.apple.product-type.application";
		};
/* End PBXNativeTarget section */

/* Begin PBXProject section */
		1D6CB3EC23B0621C002543DA /* Project object */ = {
			isa = PBXProject;
			attributes = {
				LastSwiftUpdateCheck = 1100;
				LastUpgradeCheck = 1100;
				ORGANIZATIONNAME = "Yidi Zhao";
				TargetAttributes = {
					1D6CB3F323B0621C002543DA = {
						CreatedOnToolsVersion = 11.0;
					};
				};
			};
			buildConfigurationList = 1D6CB3EF23B0621C002543DA /* Build configuration list for PBXProject "PlayingCard" */;
			compatibilityVersion = "Xcode 9.3";
			developmentRegion = en;
			hasScannedForEncodings = 0;
			knownRegions = (
				en,
				Base,
			);
			mainGroup = 1D6CB3EB23B0621C002543DA;
			productRefGroup = 1D6CB3F523B0621C002543DA /* Products */;
			projectDirPath = "";
			projectRoot = "";
			targets = (
				1D6CB3F323B0621C002543DA /* PlayingCard */,
			);
		};
/* End PBXProject section */

/* Begin PBXResourcesBuildPhase section */
		1D6CB3F223B0621C002543DA /* Resources */ = {
			isa = PBXResourcesBuildPhase;
			buildActionMask = 2147483647;
			files = (
				1D6CB40423B0621E002543DA /* LaunchScreen.storyboard in Resources */,
				1D6CB40123B0621E002543DA /* Assets.xcassets in Resources */,
				1D6CB3FF23B0621C002543DA /* Main.storyboard in Resources */,
			);
			runOnlyForDeploymentPostprocessing = 0;
		};
/* End PBXResourcesBuildPhase section */

/* Begin PBXSourcesBuildPhase section */
		1D6CB3F023B0621C002543DA /* Sources */ = {
			isa = PBXSourcesBuildPhase;
			buildActionMask = 2147483647;
			files = (
				1D6CB40E23B06624002543DA /* PlayingCard.swift in Sources */,
				1D9C82C624067D5A00939A54 /* PlayingCardView.swift in Sources */,
				1D6CB3FC23B0621C002543DA /* ViewController.swift in Sources */,
				1D6CB40C23B06260002543DA /* PlayingCardDeck.swift in Sources */,
				1D6CB3F823B0621C002543DA /* AppDelegate.swift in Sources */,
				1D6CB3FA23B0621C002543DA /* SceneDelegate.swift in Sources */,
				1D71BE8C240F8CA4003D33F6 /* CardBehavior.swift in Sources */,
			);
			runOnlyForDeploymentPostprocessing = 0;
		};
/* End PBXSourcesBuildPhase section */

/* Begin PBXVariantGroup section */
		1D6CB3FD23B0621C002543DA /* Main.storyboard */ = {
			isa = PBXVariantGroup;
			children = (
				1D6CB3FE23B0621C002543DA /* Base */,
			);
			name = Main.storyboard;
			sourceTree = "<group>";
		};
		1D6CB40223B0621E002543DA /* LaunchScreen.storyboard */ = {
			isa = PBXVariantGroup;
			children = (
				1D6CB40323B0621E002543DA /* Base */,
			);
			name = LaunchScreen.storyboard;
			sourceTree = "<group>";
		};
/* End PBXVariantGroup section */

/* Begin XCBuildConfiguration section */
		1D6CB40623B0621E002543DA /* Debug */ = {
			isa = XCBuildConfiguration;
			buildSettings = {
				ALWAYS_SEARCH_USER_PATHS = NO;
				CLANG_ANALYZER_NONNULL = YES;
				CLANG_ANALYZER_NUMBER_OBJECT_CONVERSION = YES_AGGRESSIVE;
				CLANG_CXX_LANGUAGE_STANDARD = "gnu++14";
				CLANG_CXX_LIBRARY = "libc++";
				CLANG_ENABLE_MODULES = YES;
				CLANG_ENABLE_OBJC_ARC = YES;
				CLANG_ENABLE_OBJC_WEAK = YES;
				CLANG_WARN_BLOCK_CAPTURE_AUTORELEASING = YES;
				CLANG_WARN_BOOL_CONVERSION = YES;
				CLANG_WARN_COMMA = YES;
				CLANG_WARN_CONSTANT_CONVERSION = YES;
				CLANG_WARN_DEPRECATED_OBJC_IMPLEMENTATIONS = YES;
				CLANG_WARN_DIRECT_OBJC_ISA_USAGE = YES_ERROR;
				CLANG_WARN_DOCUMENTATION_COMMENTS = YES;
				CLANG_WARN_EMPTY_BODY = YES;
				CLANG_WARN_ENUM_CONVERSION = YES;
				CLANG_WARN_INFINITE_RECURSION = YES;
				CLANG_WARN_INT_CONVERSION = YES;
				CLANG_WARN_NON_LITERAL_NULL_CONVERSION = YES;
				CLANG_WARN_OBJC_IMPLICIT_RETAIN_SELF = YES;
				CLANG_WARN_OBJC_LITERAL_CONVERSION = YES;
				CLANG_WARN_OBJC_ROOT_CLASS = YES_ERROR;
				CLANG_WARN_RANGE_LOOP_ANALYSIS = YES;
				CLANG_WARN_STRICT_PROTOTYPES = YES;
				CLANG_WARN_SUSPICIOUS_MOVE = YES;
				CLANG_WARN_UNGUARDED_AVAILABILITY = YES_AGGRESSIVE;
				CLANG_WARN_UNREACHABLE_CODE = YES;
				CLANG_WARN__DUPLICATE_METHOD_MATCH = YES;
				COPY_PHASE_STRIP = NO;
				DEBUG_INFORMATION_FORMAT = dwarf;
				ENABLE_STRICT_OBJC_MSGSEND = YES;
				ENABLE_TESTABILITY = YES;
				GCC_C_LANGUAGE_STANDARD = gnu11;
				GCC_DYNAMIC_NO_PIC = NO;
				GCC_NO_COMMON_BLOCKS = YES;
				GCC_OPTIMIZATION_LEVEL = 0;
				GCC_PREPROCESSOR_DEFINITIONS = (
					"DEBUG=1",
					"$(inherited)",
				);
				GCC_WARN_64_TO_32_BIT_CONVERSION = YES;
				GCC_WARN_ABOUT_RETURN_TYPE = YES_ERROR;
				GCC_WARN_UNDECLARED_SELECTOR = YES;
				GCC_WARN_UNINITIALIZED_AUTOS = YES_AGGRESSIVE;
				GCC_WARN_UNUSED_FUNCTION = YES;
				GCC_WARN_UNUSED_VARIABLE = YES;
				IPHONEOS_DEPLOYMENT_TARGET = 13.0;
				MTL_ENABLE_DEBUG_INFO = INCLUDE_SOURCE;
				MTL_FAST_MATH = YES;
				ONLY_ACTIVE_ARCH = YES;
				SDKROOT = iphoneos;
				SWIFT_ACTIVE_COMPILATION_CONDITIONS = DEBUG;
				SWIFT_OPTIMIZATION_LEVEL = "-Onone";
			};
			name = Debug;
		};
		1D6CB40723B0621E002543DA /* Release */ = {
			isa = XCBuildConfiguration;
			buildSettings = {
				ALWAYS_SEARCH_USER_PATHS = NO;
				CLANG_ANALYZER_NONNULL = YES;
				CLANG_ANALYZER_NUMBER_OBJECT_CONVERSION = YES_AGGRESSIVE;
				CLANG_CXX_LANGUAGE_STANDARD = "gnu++14";
				CLANG_CXX_LIBRARY = "libc++";
				CLANG_ENABLE_MODULES = YES;
				CLANG_ENABLE_OBJC_ARC = YES;
				CLANG_ENABLE_OBJC_WEAK = YES;
				CLANG_WARN_BLOCK_CAPTURE_AUTORELEASING = YES;
				CLANG_WARN_BOOL_CONVERSION = YES;
				CLANG_WARN_COMMA = YES;
				CLANG_WARN_CONSTANT_CONVERSION = YES;
				CLANG_WARN_DEPRECATED_OBJC_IMPLEMENTATIONS = YES;
				CLANG_WARN_DIRECT_OBJC_ISA_USAGE = YES_ERROR;
				CLANG_WARN_DOCUMENTATION_COMMENTS = YES;
				CLANG_WARN_EMPTY_BODY = YES;
				CLANG_WARN_ENUM_CONVERSION = YES;
				CLANG_WARN_INFINITE_RECURSION = YES;
				CLANG_WARN_INT_CONVERSION = YES;
				CLANG_WARN_NON_LITERAL_NULL_CONVERSION = YES;
				CLANG_WARN_OBJC_IMPLICIT_RETAIN_SELF = YES;
				CLANG_WARN_OBJC_LITERAL_CONVERSION = YES;
				CLANG_WARN_OBJC_ROOT_CLASS = YES_ERROR;
				CLANG_WARN_RANGE_LOOP_ANALYSIS = YES;
				CLANG_WARN_STRICT_PROTOTYPES = YES;
				CLANG_WARN_SUSPICIOUS_MOVE = YES;
				CLANG_WARN_UNGUARDED_AVAILABILITY = YES_AGGRESSIVE;
				CLANG_WARN_UNREACHABLE_CODE = YES;
				CLANG_WARN__DUPLICATE_METHOD_MATCH = YES;
				COPY_PHASE_STRIP = NO;
				DEBUG_INFORMATION_FORMAT = "dwarf-with-dsym";
				ENABLE_NS_ASSERTIONS = NO;
				ENABLE_STRICT_OBJC_MSGSEND = YES;
				GCC_C_LANGUAGE_STANDARD = gnu11;
				GCC_NO_COMMON_BLOCKS = YES;
				GCC_WARN_64_TO_32_BIT_CONVERSION = YES;
				GCC_WARN_ABOUT_RETURN_TYPE = YES_ERROR;
				GCC_WARN_UNDECLARED_SELECTOR = YES;
				GCC_WARN_UNINITIALIZED_AUTOS = YES_AGGRESSIVE;
				GCC_WARN_UNUSED_FUNCTION = YES;
				GCC_WARN_UNUSED_VARIABLE = YES;
				IPHONEOS_DEPLOYMENT_TARGET = 13.0;
				MTL_ENABLE_DEBUG_INFO = NO;
				MTL_FAST_MATH = YES;
				SDKROOT = iphoneos;
				SWIFT_COMPILATION_MODE = wholemodule;
				SWIFT_OPTIMIZATION_LEVEL = "-O";
				VALIDATE_PRODUCT = YES;
			};
			name = Release;
		};
		1D6CB40923B0621E002543DA /* Debug */ = {
			isa = XCBuildConfiguration;
			buildSettings = {
				ASSETCATALOG_COMPILER_APPICON_NAME = AppIcon;
				CODE_SIGN_STYLE = Automatic;
				DEVELOPMENT_TEAM = 8WVSKJZHPW;
				INFOPLIST_FILE = PlayingCard/Info.plist;
				LD_RUNPATH_SEARCH_PATHS = (
					"$(inherited)",
					"@executable_path/Frameworks",
				);
				PRODUCT_BUNDLE_IDENTIFIER = com.thoughtworks.PlayingCard;
				PRODUCT_NAME = "$(TARGET_NAME)";
				SWIFT_VERSION = 5.0;
				TARGETED_DEVICE_FAMILY = "1,2";
			};
			name = Debug;
		};
		1D6CB40A23B0621E002543DA /* Release */ = {
			isa = XCBuildConfiguration;
			buildSettings = {
				ASSETCATALOG_COMPILER_APPICON_NAME = AppIcon;
				CODE_SIGN_STYLE = Automatic;
				DEVELOPMENT_TEAM = 8WVSKJZHPW;
				INFOPLIST_FILE = PlayingCard/Info.plist;
				LD_RUNPATH_SEARCH_PATHS = (
					"$(inherited)",
					"@executable_path/Frameworks",
				);
				PRODUCT_BUNDLE_IDENTIFIER = com.thoughtworks.PlayingCard;
				PRODUCT_NAME = "$(TARGET_NAME)";
				SWIFT_VERSION = 5.0;
				TARGETED_DEVICE_FAMILY = "1,2";
			};
			name = Release;
		};
/* End XCBuildConfiguration section */

/* Begin XCConfigurationList section */
		1D6CB3EF23B0621C002543DA /* Build configuration list for PBXProject "PlayingCard" */ = {
			isa = XCConfigurationList;
			buildConfigurations = (
				1D6CB40623B0621E002543DA /* Debug */,
				1D6CB40723B0621E002543DA /* Release */,
			);
			defaultConfigurationIsVisible = 0;
			defaultConfigurationName = Release;
		};
		1D6CB40823B0621E002543DA /* Build configuration list for PBXNativeTarget "PlayingCard" */ = {
			isa = XCConfigurationList;
			buildConfigurations = (
				1D6CB40923B0621E002543DA /* Debug */,
				1D6CB40A23B0621E002543DA /* Release */,
			);
			defaultConfigurationIsVisible = 0;
			defaultConfigurationName = Release;
		};
/* End XCConfigurationList section */
	};
	rootObject = 1D6CB3EC23B0621C002543DA /* Project object */;
}
